
Microsoft Visual Studio Solution File, Format Version 12.00
# Visual Studio Version 16
VisualStudioVersion = 16.0.29728.190
MinimumVisualStudioVersion = 10.0.40219.1
Project("{FAE04EC0-301F-11D3-BF4B-00C04F79EFBC}") = "AgoraClrDemo", "AgoraClrDemo\AgoraClrDemo.csproj", "{B7988AE7-0610-4FD2-83B3-4A60BC99CD68}"
EndProject
Project("{8BC9CEB8-8B4A-11D0-8D11-00A0C91BC942}") = "AgoraClrLibrary", "AgoraClrLibrary\AgoraClrLibrary.vcxproj", "{271543C6-D538-42CA-A307-23A7263AD3B5}"
EndProject
Project("{8BC9CEB8-8B4A-11D0-8D11-00A0C91BC942}") = "AgoraClrRTMLibrary", "AgoraClrRTMLibrary\AgoraClrRTMLibrary.vcxproj", "{517CFC6A-5CB9-4F3C-9F97-1D51A2BB05CE}"
EndProject
Global
	GlobalSection(SolutionConfigurationPlatforms) = preSolution
		Debug|Any CPU = Debug|Any CPU
		Debug|x64 = Debug|x64
		Debug|x86 = Debug|x86
		Release|Any CPU = Release|Any CPU
		Release|x64 = Release|x64
		Release|x86 = Release|x86
	EndGlobalSection
	GlobalSection(ProjectConfigurationPlatforms) = postSolution
		{B7988AE7-0610-4FD2-83B3-4A60BC99CD68}.Debug|Any CPU.ActiveCfg = Debug|Any CPU
		{B7988AE7-0610-4FD2-83B3-4A60BC99CD68}.Debug|Any CPU.Build.0 = Debug|Any CPU
		{B7988AE7-0610-4FD2-83B3-4A60BC99CD68}.Debug|Any CPU.Deploy.0 = Debug|Any CPU
		{B7988AE7-0610-4FD2-83B3-4A60BC99CD68}.Debug|x64.ActiveCfg = Debug|Any CPU
		{B7988AE7-0610-4FD2-83B3-4A60BC99CD68}.Debug|x64.Build.0 = Debug|Any CPU
		{B7988AE7-0610-4FD2-83B3-4A60BC99CD68}.Debug|x86.ActiveCfg = Debug|Any CPU
		{B7988AE7-0610-4FD2-83B3-4A60BC99CD68}.Debug|x86.Build.0 = Debug|Any CPU
		{B7988AE7-0610-4FD2-83B3-4A60BC99CD68}.Release|Any CPU.ActiveCfg = Release|Any CPU
		{B7988AE7-0610-4FD2-83B3-4A60BC99CD68}.Release|Any CPU.Build.0 = Release|Any CPU
		{B7988AE7-0610-4FD2-83B3-4A60BC99CD68}.Release|x64.ActiveCfg = Release|Any CPU
		{B7988AE7-0610-4FD2-83B3-4A60BC99CD68}.Release|x64.Build.0 = Release|Any CPU
		{B7988AE7-0610-4FD2-83B3-4A60BC99CD68}.Release|x86.ActiveCfg = Release|Any CPU
		{B7988AE7-0610-4FD2-83B3-4A60BC99CD68}.Release|x86.Build.0 = Release|Any CPU
		{271543C6-D538-42CA-A307-23A7263AD3B5}.Debug|Any CPU.ActiveCfg = Debug|Win32
		{271543C6-D538-42CA-A307-23A7263AD3B5}.Debug|Any CPU.Build.0 = Debug|Win32
		{271543C6-D538-42CA-A307-23A7263AD3B5}.Debug|x64.ActiveCfg = Debug|x64
		{271543C6-D538-42CA-A307-23A7263AD3B5}.Debug|x64.Build.0 = Debug|x64
		{271543C6-D538-42CA-A307-23A7263AD3B5}.Debug|x86.ActiveCfg = Debug|Win32
		{271543C6-D538-42CA-A307-23A7263AD3B5}.Debug|x86.Build.0 = Debug|Win32
		{271543C6-D538-42CA-A307-23A7263AD3B5}.Release|Any CPU.ActiveCfg = Release|Win32
		{271543C6-D538-42CA-A307-23A7263AD3B5}.Release|x64.ActiveCfg = Release|x64
		{271543C6-D538-42CA-A307-23A7263AD3B5}.Release|x64.Build.0 = Release|x64
		{271543C6-D538-42CA-A307-23A7263AD3B5}.Release|x86.ActiveCfg = Release|Win32
		{271543C6-D538-42CA-A307-23A7263AD3B5}.Release|x86.Build.0 = Release|Win32
		{517CFC6A-5CB9-4F3C-9F97-1D51A2BB05CE}.Debug|Any CPU.ActiveCfg = Debug|Win32
		{517CFC6A-5CB9-4F3C-9F97-1D51A2BB05CE}.Debug|Any CPU.Build.0 = Debug|Win32
		{517CFC6A-5CB9-4F3C-9F97-1D51A2BB05CE}.Debug|x64.ActiveCfg = Debug|x64
		{517CFC6A-5CB9-4F3C-9F97-1D51A2BB05CE}.Debug|x64.Build.0 = Debug|x64
		{517CFC6A-5CB9-4F3C-9F97-1D51A2BB05CE}.Debug|x86.ActiveCfg = Debug|Win32
		{517CFC6A-5CB9-4F3C-9F97-1D51A2BB05CE}.Debug|x86.Build.0 = Debug|Win32
		{517CFC6A-5CB9-4F3C-9F97-1D51A2BB05CE}.Release|Any CPU.ActiveCfg = Release|Win32
		{517CFC6A-5CB9-4F3C-9F97-1D51A2BB05CE}.Release|x64.ActiveCfg = Release|x64
		{517CFC6A-5CB9-4F3C-9F97-1D51A2BB05CE}.Release|x64.Build.0 = Release|x64
		{517CFC6A-5CB9-4F3C-9F97-1D51A2BB05CE}.Release|x86.ActiveCfg = Release|Win32
		{517CFC6A-5CB9-4F3C-9F97-1D51A2BB05CE}.Release|x86.Build.0 = Release|Win32
	EndGlobalSection
	GlobalSection(SolutionProperties) = preSolution
		HideSolutionNode = FALSE
	EndGlobalSection
	GlobalSection(ExtensibilityGlobals) = postSolution
		SolutionGuid = {A3C15FF5-F780-4AF3-8B67-98E3607E6AAE}
	EndGlobalSection
EndGlobal
